// !$*UTF8*$!
{
	archiveVersion = 1;
	classes = {
	};
	objectVersion = 56;
	objects = {

/* Begin PBXBuildFile section */
		B920B63D298937C1005158C3 /* WidgetKit.framework in Frameworks */ = {isa = PBXBuildFile; fileRef = B920B63C298937C1005158C3 /* WidgetKit.framework */; };
		B920B63F298937C1005158C3 /* SwiftUI.framework in Frameworks */ = {isa = PBXBuildFile; fileRef = B920B63E298937C1005158C3 /* SwiftUI.framework */; };
		B920B642298937C1005158C3 /* HealthMetricDashWidget.swift in Sources */ = {isa = PBXBuildFile; fileRef = B920B641298937C1005158C3 /* HealthMetricDashWidget.swift */; };
		B920B644298937C3005158C3 /* Assets.xcassets in Resources */ = {isa = PBXBuildFile; fileRef = B920B643298937C3005158C3 /* Assets.xcassets */; };
		B920B648298937C3005158C3 /* HealthMetricDashWidgetExtension.appex in Embed Foundation Extensions */ = {isa = PBXBuildFile; fileRef = B920B63A298937C1005158C3 /* HealthMetricDashWidgetExtension.appex */; settings = {ATTRIBUTES = (RemoveHeadersOnCopy, ); }; };
		B920B64D298938EB005158C3 /* DashboardViewController.swift in Sources */ = {isa = PBXBuildFile; fileRef = B975C265296F6F720046044F /* DashboardViewController.swift */; };
		B937CF1F29893E25005A8949 /* HealthStore.swift in Sources */ = {isa = PBXBuildFile; fileRef = B9B9A5A429702DF5004719D6 /* HealthStore.swift */; };
		B937CF2029893E29005A8949 /* MainContentView.swift in Sources */ = {isa = PBXBuildFile; fileRef = B975C287296F78E60046044F /* MainContentView.swift */; };
		B937CF2129893E30005A8949 /* GreetingView.swift in Sources */ = {isa = PBXBuildFile; fileRef = B975C27A296F71E90046044F /* GreetingView.swift */; };
		B937CF2329893E3F005A8949 /* DashboardCollectionViewCell.swift in Sources */ = {isa = PBXBuildFile; fileRef = B975C285296F76EB0046044F /* DashboardCollectionViewCell.swift */; };
		B937CF25298940FA005A8949 /* Oxygen-Regular.ttf in Resources */ = {isa = PBXBuildFile; fileRef = B975C27D296F75430046044F /* Oxygen-Regular.ttf */; };
		B937CF26298940FD005A8949 /* Oxygen-Bold.ttf in Resources */ = {isa = PBXBuildFile; fileRef = B975C27E296F75460046044F /* Oxygen-Bold.ttf */; };
		B937CF27298940FF005A8949 /* Oxygen-Light.ttf in Resources */ = {isa = PBXBuildFile; fileRef = B975C27F296F75490046044F /* Oxygen-Light.ttf */; };
		B93893CA2993C622009E28FD /* SettingsViewController.swift in Sources */ = {isa = PBXBuildFile; fileRef = B93893C92993C622009E28FD /* SettingsViewController.swift */; };
		B93893CB2993C628009E28FD /* SettingsViewController.swift in Sources */ = {isa = PBXBuildFile; fileRef = B93893C92993C622009E28FD /* SettingsViewController.swift */; };
		B93893CD2993C8CA009E28FD /* SettingsView.swift in Sources */ = {isa = PBXBuildFile; fileRef = B93893CC2993C8CA009E28FD /* SettingsView.swift */; };
		B93893CE2993CB61009E28FD /* SettingsView.swift in Sources */ = {isa = PBXBuildFile; fileRef = B93893CC2993C8CA009E28FD /* SettingsView.swift */; };
		B93C0BBB2997C7190039D626 /* CircularProgressView.swift in Sources */ = {isa = PBXBuildFile; fileRef = B93C0BBA2997C7190039D626 /* CircularProgressView.swift */; };
		B93C0BBC2997C7190039D626 /* CircularProgressView.swift in Sources */ = {isa = PBXBuildFile; fileRef = B93C0BBA2997C7190039D626 /* CircularProgressView.swift */; };
		B975C262296F6F720046044F /* AppDelegate.swift in Sources */ = {isa = PBXBuildFile; fileRef = B975C261296F6F720046044F /* AppDelegate.swift */; };
		B975C264296F6F720046044F /* SceneDelegate.swift in Sources */ = {isa = PBXBuildFile; fileRef = B975C263296F6F720046044F /* SceneDelegate.swift */; };
		B975C266296F6F720046044F /* DashboardViewController.swift in Sources */ = {isa = PBXBuildFile; fileRef = B975C265296F6F720046044F /* DashboardViewController.swift */; };
		B975C26B296F6F730046044F /* Assets.xcassets in Resources */ = {isa = PBXBuildFile; fileRef = B975C26A296F6F730046044F /* Assets.xcassets */; };
		B975C26E296F6F730046044F /* LaunchScreen.storyboard in Resources */ = {isa = PBXBuildFile; fileRef = B975C26C296F6F730046044F /* LaunchScreen.storyboard */; };
		B975C27B296F71E90046044F /* GreetingView.swift in Sources */ = {isa = PBXBuildFile; fileRef = B975C27A296F71E90046044F /* GreetingView.swift */; };
		B975C280296F75500046044F /* Oxygen-Regular.ttf in Resources */ = {isa = PBXBuildFile; fileRef = B975C27D296F75430046044F /* Oxygen-Regular.ttf */; };
		B975C281296F75520046044F /* Oxygen-Bold.ttf in Resources */ = {isa = PBXBuildFile; fileRef = B975C27E296F75460046044F /* Oxygen-Bold.ttf */; };
		B975C282296F75540046044F /* Oxygen-Light.ttf in Resources */ = {isa = PBXBuildFile; fileRef = B975C27F296F75490046044F /* Oxygen-Light.ttf */; };
		B975C286296F76EB0046044F /* DashboardCollectionViewCell.swift in Sources */ = {isa = PBXBuildFile; fileRef = B975C285296F76EB0046044F /* DashboardCollectionViewCell.swift */; };
		B975C288296F78E60046044F /* MainContentView.swift in Sources */ = {isa = PBXBuildFile; fileRef = B975C287296F78E60046044F /* MainContentView.swift */; };
		B98978FC29A8FC340051215D /* SwiftUICell.swift in Sources */ = {isa = PBXBuildFile; fileRef = B98978FB29A8FC340051215D /* SwiftUICell.swift */; };
		B98978FD29A8FC340051215D /* SwiftUICell.swift in Sources */ = {isa = PBXBuildFile; fileRef = B98978FB29A8FC340051215D /* SwiftUICell.swift */; };
		B98978FF29AB9F290051215D /* HistoryGraphView.swift in Sources */ = {isa = PBXBuildFile; fileRef = B98978FE29AB9F290051215D /* HistoryGraphView.swift */; };
		B989790029AB9F290051215D /* HistoryGraphView.swift in Sources */ = {isa = PBXBuildFile; fileRef = B98978FE29AB9F290051215D /* HistoryGraphView.swift */; };
		B9B9A5A529702DF5004719D6 /* HealthStore.swift in Sources */ = {isa = PBXBuildFile; fileRef = B9B9A5A429702DF5004719D6 /* HealthStore.swift */; };
/* End PBXBuildFile section */

/* Begin PBXContainerItemProxy section */
		B920B646298937C3005158C3 /* PBXContainerItemProxy */ = {
			isa = PBXContainerItemProxy;
			containerPortal = B975C256296F6F720046044F /* Project object */;
			proxyType = 1;
			remoteGlobalIDString = B920B639298937C1005158C3;
			remoteInfo = HealthDashWidgetExtension;
		};
/* End PBXContainerItemProxy section */

/* Begin PBXCopyFilesBuildPhase section */
		B920B649298937C3005158C3 /* Embed Foundation Extensions */ = {
			isa = PBXCopyFilesBuildPhase;
			buildActionMask = 2147483647;
			dstPath = "";
			dstSubfolderSpec = 13;
			files = (
				B920B648298937C3005158C3 /* HealthMetricDashWidgetExtension.appex in Embed Foundation Extensions */,
			);
			name = "Embed Foundation Extensions";
			runOnlyForDeploymentPostprocessing = 0;
		};
/* End PBXCopyFilesBuildPhase section */

/* Begin PBXFileReference section */
		B920B63A298937C1005158C3 /* HealthMetricDashWidgetExtension.appex */ = {isa = PBXFileReference; explicitFileType = "wrapper.app-extension"; includeInIndex = 0; path = HealthMetricDashWidgetExtension.appex; sourceTree = BUILT_PRODUCTS_DIR; };
		B920B63C298937C1005158C3 /* WidgetKit.framework */ = {isa = PBXFileReference; lastKnownFileType = wrapper.framework; name = WidgetKit.framework; path = System/Library/Frameworks/WidgetKit.framework; sourceTree = SDKROOT; };
		B920B63E298937C1005158C3 /* SwiftUI.framework */ = {isa = PBXFileReference; lastKnownFileType = wrapper.framework; name = SwiftUI.framework; path = System/Library/Frameworks/SwiftUI.framework; sourceTree = SDKROOT; };
		B920B641298937C1005158C3 /* HealthMetricDashWidget.swift */ = {isa = PBXFileReference; lastKnownFileType = sourcecode.swift; path = HealthMetricDashWidget.swift; sourceTree = "<group>"; };
		B920B643298937C3005158C3 /* Assets.xcassets */ = {isa = PBXFileReference; lastKnownFileType = folder.assetcatalog; path = Assets.xcassets; sourceTree = "<group>"; };
		B920B645298937C3005158C3 /* Info.plist */ = {isa = PBXFileReference; lastKnownFileType = text.plist.xml; path = Info.plist; sourceTree = "<group>"; };
		B93893C92993C622009E28FD /* SettingsViewController.swift */ = {isa = PBXFileReference; lastKnownFileType = sourcecode.swift; path = SettingsViewController.swift; sourceTree = "<group>"; };
		B93893CC2993C8CA009E28FD /* SettingsView.swift */ = {isa = PBXFileReference; lastKnownFileType = sourcecode.swift; path = SettingsView.swift; sourceTree = "<group>"; };
		B93C0BBA2997C7190039D626 /* CircularProgressView.swift */ = {isa = PBXFileReference; lastKnownFileType = sourcecode.swift; path = CircularProgressView.swift; sourceTree = "<group>"; };
		B9567564299328980059F523 /* HealthDashWidgetExtension.entitlements */ = {isa = PBXFileReference; lastKnownFileType = text.plist.entitlements; path = HealthDashWidgetExtension.entitlements; sourceTree = "<group>"; };
		B975C25E296F6F720046044F /* HealthMetricDash.app */ = {isa = PBXFileReference; explicitFileType = wrapper.application; includeInIndex = 0; path = HealthMetricDash.app; sourceTree = BUILT_PRODUCTS_DIR; };
		B975C261296F6F720046044F /* AppDelegate.swift */ = {isa = PBXFileReference; lastKnownFileType = sourcecode.swift; path = AppDelegate.swift; sourceTree = "<group>"; };
		B975C263296F6F720046044F /* SceneDelegate.swift */ = {isa = PBXFileReference; lastKnownFileType = sourcecode.swift; path = SceneDelegate.swift; sourceTree = "<group>"; };
		B975C265296F6F720046044F /* DashboardViewController.swift */ = {isa = PBXFileReference; lastKnownFileType = sourcecode.swift; path = DashboardViewController.swift; sourceTree = "<group>"; };
		B975C26A296F6F730046044F /* Assets.xcassets */ = {isa = PBXFileReference; lastKnownFileType = folder.assetcatalog; path = Assets.xcassets; sourceTree = "<group>"; };
		B975C26D296F6F730046044F /* Base */ = {isa = PBXFileReference; lastKnownFileType = file.storyboard; name = Base; path = Base.lproj/LaunchScreen.storyboard; sourceTree = "<group>"; };
		B975C26F296F6F730046044F /* Info.plist */ = {isa = PBXFileReference; lastKnownFileType = text.plist.xml; path = Info.plist; sourceTree = "<group>"; };
		B975C27A296F71E90046044F /* GreetingView.swift */ = {isa = PBXFileReference; lastKnownFileType = sourcecode.swift; path = GreetingView.swift; sourceTree = "<group>"; };
		B975C27D296F75430046044F /* Oxygen-Regular.ttf */ = {isa = PBXFileReference; lastKnownFileType = file; path = "Oxygen-Regular.ttf"; sourceTree = "<group>"; };
		B975C27E296F75460046044F /* Oxygen-Bold.ttf */ = {isa = PBXFileReference; lastKnownFileType = file; path = "Oxygen-Bold.ttf"; sourceTree = "<group>"; };
		B975C27F296F75490046044F /* Oxygen-Light.ttf */ = {isa = PBXFileReference; lastKnownFileType = file; path = "Oxygen-Light.ttf"; sourceTree = "<group>"; };
		B975C285296F76EB0046044F /* DashboardCollectionViewCell.swift */ = {isa = PBXFileReference; lastKnownFileType = sourcecode.swift; path = DashboardCollectionViewCell.swift; sourceTree = "<group>"; };
		B975C287296F78E60046044F /* MainContentView.swift */ = {isa = PBXFileReference; lastKnownFileType = sourcecode.swift; path = MainContentView.swift; sourceTree = "<group>"; };
		B98978FB29A8FC340051215D /* SwiftUICell.swift */ = {isa = PBXFileReference; lastKnownFileType = sourcecode.swift; path = SwiftUICell.swift; sourceTree = "<group>"; };
		B98978FE29AB9F290051215D /* HistoryGraphView.swift */ = {isa = PBXFileReference; lastKnownFileType = sourcecode.swift; path = HistoryGraphView.swift; sourceTree = "<group>"; };
		B9B9A5A329702DB1004719D6 /* HealthDash.entitlements */ = {isa = PBXFileReference; lastKnownFileType = text.plist.entitlements; path = HealthDash.entitlements; sourceTree = "<group>"; };
		B9B9A5A429702DF5004719D6 /* HealthStore.swift */ = {isa = PBXFileReference; lastKnownFileType = sourcecode.swift; path = HealthStore.swift; sourceTree = "<group>"; };
/* End PBXFileReference section */

/* Begin PBXFrameworksBuildPhase section */
		B920B637298937C1005158C3 /* Frameworks */ = {
			isa = PBXFrameworksBuildPhase;
			buildActionMask = 2147483647;
			files = (
				B920B63F298937C1005158C3 /* SwiftUI.framework in Frameworks */,
				B920B63D298937C1005158C3 /* WidgetKit.framework in Frameworks */,
			);
			runOnlyForDeploymentPostprocessing = 0;
		};
		B975C25B296F6F720046044F /* Frameworks */ = {
			isa = PBXFrameworksBuildPhase;
			buildActionMask = 2147483647;
			files = (
			);
			runOnlyForDeploymentPostprocessing = 0;
		};
/* End PBXFrameworksBuildPhase section */

/* Begin PBXGroup section */
		B920B63B298937C1005158C3 /* Frameworks */ = {
			isa = PBXGroup;
			children = (
				B920B63C298937C1005158C3 /* WidgetKit.framework */,
				B920B63E298937C1005158C3 /* SwiftUI.framework */,
			);
			name = Frameworks;
			sourceTree = "<group>";
		};
		B920B640298937C1005158C3 /* HealthDashWidget */ = {
			isa = PBXGroup;
			children = (
				B920B641298937C1005158C3 /* HealthMetricDashWidget.swift */,
				B920B643298937C3005158C3 /* Assets.xcassets */,
				B920B645298937C3005158C3 /* Info.plist */,
			);
			path = HealthDashWidget;
			sourceTree = "<group>";
		};
		B975C255296F6F720046044F = {
			isa = PBXGroup;
			children = (
				B9567564299328980059F523 /* HealthDashWidgetExtension.entitlements */,
				B975C260296F6F720046044F /* HealthDash */,
				B920B640298937C1005158C3 /* HealthDashWidget */,
				B920B63B298937C1005158C3 /* Frameworks */,
				B975C25F296F6F720046044F /* Products */,
			);
			sourceTree = "<group>";
		};
		B975C25F296F6F720046044F /* Products */ = {
			isa = PBXGroup;
			children = (
				B975C25E296F6F720046044F /* HealthMetricDash.app */,
				B920B63A298937C1005158C3 /* HealthMetricDashWidgetExtension.appex */,
			);
			name = Products;
			sourceTree = "<group>";
		};
		B975C260296F6F720046044F /* HealthDash */ = {
			isa = PBXGroup;
			children = (
				B9B9A5A329702DB1004719D6 /* HealthDash.entitlements */,
				B975C27C296F75390046044F /* Oxygen */,
				B975C276296F70D50046044F /* Model */,
				B975C275296F70C60046044F /* View */,
				B975C277296F70D90046044F /* Controller */,
				B975C278296F71050046044F /* Supporting Files */,
				B975C26A296F6F730046044F /* Assets.xcassets */,
				B975C26C296F6F730046044F /* LaunchScreen.storyboard */,
				B975C26F296F6F730046044F /* Info.plist */,
			);
			path = HealthDash;
			sourceTree = "<group>";
		};
		B975C275296F70C60046044F /* View */ = {
			isa = PBXGroup;
			children = (
				B975C287296F78E60046044F /* MainContentView.swift */,
				B975C27A296F71E90046044F /* GreetingView.swift */,
				B93893CC2993C8CA009E28FD /* SettingsView.swift */,
				B989790129ABA2390051215D /* Cells */,
			);
			path = View;
			sourceTree = "<group>";
		};
		B975C276296F70D50046044F /* Model */ = {
			isa = PBXGroup;
			children = (
				B9B9A5A429702DF5004719D6 /* HealthStore.swift */,
			);
			path = Model;
			sourceTree = "<group>";
		};
		B975C277296F70D90046044F /* Controller */ = {
			isa = PBXGroup;
			children = (
				B975C265296F6F720046044F /* DashboardViewController.swift */,
				B93893C92993C622009E28FD /* SettingsViewController.swift */,
			);
			path = Controller;
			sourceTree = "<group>";
		};
		B975C278296F71050046044F /* Supporting Files */ = {
			isa = PBXGroup;
			children = (
				B975C261296F6F720046044F /* AppDelegate.swift */,
				B975C263296F6F720046044F /* SceneDelegate.swift */,
			);
			path = "Supporting Files";
			sourceTree = "<group>";
		};
		B975C27C296F75390046044F /* Oxygen */ = {
			isa = PBXGroup;
			children = (
				B975C27D296F75430046044F /* Oxygen-Regular.ttf */,
				B975C27E296F75460046044F /* Oxygen-Bold.ttf */,
				B975C27F296F75490046044F /* Oxygen-Light.ttf */,
			);
			path = Oxygen;
			sourceTree = "<group>";
		};
		B989790129ABA2390051215D /* Cells */ = {
			isa = PBXGroup;
			children = (
				B975C285296F76EB0046044F /* DashboardCollectionViewCell.swift */,
				B98978FB29A8FC340051215D /* SwiftUICell.swift */,
				B93C0BBA2997C7190039D626 /* CircularProgressView.swift */,
				B98978FE29AB9F290051215D /* HistoryGraphView.swift */,
			);
			path = Cells;
			sourceTree = "<group>";
		};
/* End PBXGroup section */

/* Begin PBXNativeTarget section */
		B920B639298937C1005158C3 /* HealthMetricDashWidgetExtension */ = {
			isa = PBXNativeTarget;
			buildConfigurationList = B920B64C298937C3005158C3 /* Build configuration list for PBXNativeTarget "HealthMetricDashWidgetExtension" */;
			buildPhases = (
				B920B636298937C1005158C3 /* Sources */,
				B920B637298937C1005158C3 /* Frameworks */,
				B920B638298937C1005158C3 /* Resources */,
			);
			buildRules = (
			);
			dependencies = (
			);
			name = HealthMetricDashWidgetExtension;
			productName = HealthDashWidgetExtension;
			productReference = B920B63A298937C1005158C3 /* HealthMetricDashWidgetExtension.appex */;
			productType = "com.apple.product-type.app-extension";
		};
		B975C25D296F6F720046044F /* HealthMetricDash */ = {
			isa = PBXNativeTarget;
			buildConfigurationList = B975C272296F6F730046044F /* Build configuration list for PBXNativeTarget "HealthMetricDash" */;
			buildPhases = (
				B975C25A296F6F720046044F /* Sources */,
				B975C25B296F6F720046044F /* Frameworks */,
				B975C25C296F6F720046044F /* Resources */,
				B920B649298937C3005158C3 /* Embed Foundation Extensions */,
			);
			buildRules = (
			);
			dependencies = (
				B920B647298937C3005158C3 /* PBXTargetDependency */,
			);
			name = HealthMetricDash;
			productName = HealthDash;
			productReference = B975C25E296F6F720046044F /* HealthMetricDash.app */;
			productType = "com.apple.product-type.application";
		};
/* End PBXNativeTarget section */

/* Begin PBXProject section */
		B975C256296F6F720046044F /* Project object */ = {
			isa = PBXProject;
			attributes = {
				BuildIndependentTargetsInParallel = 1;
				LastSwiftUpdateCheck = 1400;
				LastUpgradeCheck = 1400;
				TargetAttributes = {
					B920B639298937C1005158C3 = {
						CreatedOnToolsVersion = 14.0.1;
					};
					B975C25D296F6F720046044F = {
						CreatedOnToolsVersion = 14.0.1;
					};
				};
			};
			buildConfigurationList = B975C259296F6F720046044F /* Build configuration list for PBXProject "HealthMetricDash" */;
			compatibilityVersion = "Xcode 14.0";
			developmentRegion = en;
			hasScannedForEncodings = 0;
			knownRegions = (
				en,
				Base,
			);
			mainGroup = B975C255296F6F720046044F;
			productRefGroup = B975C25F296F6F720046044F /* Products */;
			projectDirPath = "";
			projectRoot = "";
			targets = (
				B975C25D296F6F720046044F /* HealthMetricDash */,
				B920B639298937C1005158C3 /* HealthMetricDashWidgetExtension */,
			);
		};
/* End PBXProject section */

/* Begin PBXResourcesBuildPhase section */
		B920B638298937C1005158C3 /* Resources */ = {
			isa = PBXResourcesBuildPhase;
			buildActionMask = 2147483647;
			files = (
				B937CF26298940FD005A8949 /* Oxygen-Bold.ttf in Resources */,
				B920B644298937C3005158C3 /* Assets.xcassets in Resources */,
				B937CF25298940FA005A8949 /* Oxygen-Regular.ttf in Resources */,
				B937CF27298940FF005A8949 /* Oxygen-Light.ttf in Resources */,
			);
			runOnlyForDeploymentPostprocessing = 0;
		};
		B975C25C296F6F720046044F /* Resources */ = {
			isa = PBXResourcesBuildPhase;
			buildActionMask = 2147483647;
			files = (
				B975C280296F75500046044F /* Oxygen-Regular.ttf in Resources */,
				B975C26E296F6F730046044F /* LaunchScreen.storyboard in Resources */,
				B975C26B296F6F730046044F /* Assets.xcassets in Resources */,
				B975C281296F75520046044F /* Oxygen-Bold.ttf in Resources */,
				B975C282296F75540046044F /* Oxygen-Light.ttf in Resources */,
			);
			runOnlyForDeploymentPostprocessing = 0;
		};
/* End PBXResourcesBuildPhase section */

/* Begin PBXSourcesBuildPhase section */
		B920B636298937C1005158C3 /* Sources */ = {
			isa = PBXSourcesBuildPhase;
			buildActionMask = 2147483647;
			files = (
				B920B642298937C1005158C3 /* HealthMetricDashWidget.swift in Sources */,
				B937CF2329893E3F005A8949 /* DashboardCollectionViewCell.swift in Sources */,
				B989790029AB9F290051215D /* HistoryGraphView.swift in Sources */,
				B93893CB2993C628009E28FD /* SettingsViewController.swift in Sources */,
				B937CF2129893E30005A8949 /* GreetingView.swift in Sources */,
				B920B64D298938EB005158C3 /* DashboardViewController.swift in Sources */,
				B937CF1F29893E25005A8949 /* HealthStore.swift in Sources */,
				B937CF2029893E29005A8949 /* MainContentView.swift in Sources */,
				B93893CE2993CB61009E28FD /* SettingsView.swift in Sources */,
				B98978FD29A8FC340051215D /* SwiftUICell.swift in Sources */,
				B93C0BBC2997C7190039D626 /* CircularProgressView.swift in Sources */,
			);
			runOnlyForDeploymentPostprocessing = 0;
		};
		B975C25A296F6F720046044F /* Sources */ = {
			isa = PBXSourcesBuildPhase;
			buildActionMask = 2147483647;
			files = (
				B98978FF29AB9F290051215D /* HistoryGraphView.swift in Sources */,
				B9B9A5A529702DF5004719D6 /* HealthStore.swift in Sources */,
				B975C286296F76EB0046044F /* DashboardCollectionViewCell.swift in Sources */,
				B93893CA2993C622009E28FD /* SettingsViewController.swift in Sources */,
				B975C266296F6F720046044F /* DashboardViewController.swift in Sources */,
				B975C27B296F71E90046044F /* GreetingView.swift in Sources */,
				B975C262296F6F720046044F /* AppDelegate.swift in Sources */,
				B98978FC29A8FC340051215D /* SwiftUICell.swift in Sources */,
				B975C288296F78E60046044F /* MainContentView.swift in Sources */,
				B975C264296F6F720046044F /* SceneDelegate.swift in Sources */,
				B93C0BBB2997C7190039D626 /* CircularProgressView.swift in Sources */,
				B93893CD2993C8CA009E28FD /* SettingsView.swift in Sources */,
			);
			runOnlyForDeploymentPostprocessing = 0;
		};
/* End PBXSourcesBuildPhase section */

/* Begin PBXTargetDependency section */
		B920B647298937C3005158C3 /* PBXTargetDependency */ = {
			isa = PBXTargetDependency;
			target = B920B639298937C1005158C3 /* HealthMetricDashWidgetExtension */;
			targetProxy = B920B646298937C3005158C3 /* PBXContainerItemProxy */;
		};
/* End PBXTargetDependency section */

/* Begin PBXVariantGroup section */
		B975C26C296F6F730046044F /* LaunchScreen.storyboard */ = {
			isa = PBXVariantGroup;
			children = (
				B975C26D296F6F730046044F /* Base */,
			);
			name = LaunchScreen.storyboard;
			sourceTree = "<group>";
		};
/* End PBXVariantGroup section */

/* Begin XCBuildConfiguration section */
		B920B64A298937C3005158C3 /* Debug */ = {
			isa = XCBuildConfiguration;
			buildSettings = {
				ASSETCATALOG_COMPILER_GLOBAL_ACCENT_COLOR_NAME = AccentColor;
				ASSETCATALOG_COMPILER_WIDGET_BACKGROUND_COLOR_NAME = WidgetBackground;
				CODE_SIGN_ENTITLEMENTS = HealthDashWidgetExtension.entitlements;
				CODE_SIGN_STYLE = Automatic;
				CURRENT_PROJECT_VERSION = 1;
				DEVELOPMENT_TEAM = 794RQQKASN;
				GENERATE_INFOPLIST_FILE = YES;
				INFOPLIST_FILE = HealthDashWidget/Info.plist;
				INFOPLIST_KEY_CFBundleDisplayName = HealthDashWidget;
				INFOPLIST_KEY_NSHumanReadableCopyright = "";
				LD_RUNPATH_SEARCH_PATHS = (
					"$(inherited)",
					"@executable_path/Frameworks",
					"@executable_path/../../Frameworks",
				);
				MARKETING_VERSION = 1.1;
				PRODUCT_BUNDLE_IDENTIFIER = me.frey.caroline.HealthDash.HealthDashWidget;
				PRODUCT_NAME = "$(TARGET_NAME)";
				SKIP_INSTALL = YES;
				SWIFT_EMIT_LOC_STRINGS = YES;
				SWIFT_VERSION = 5.0;
				TARGETED_DEVICE_FAMILY = "1,2";
			};
			name = Debug;
		};
		B920B64B298937C3005158C3 /* Release */ = {
			isa = XCBuildConfiguration;
			buildSettings = {
				ASSETCATALOG_COMPILER_GLOBAL_ACCENT_COLOR_NAME = AccentColor;
				ASSETCATALOG_COMPILER_WIDGET_BACKGROUND_COLOR_NAME = WidgetBackground;
				CODE_SIGN_ENTITLEMENTS = HealthDashWidgetExtension.entitlements;
				CODE_SIGN_STYLE = Automatic;
				CURRENT_PROJECT_VERSION = 1;
				DEVELOPMENT_TEAM = 794RQQKASN;
				GENERATE_INFOPLIST_FILE = YES;
				INFOPLIST_FILE = HealthDashWidget/Info.plist;
				INFOPLIST_KEY_CFBundleDisplayName = HealthDashWidget;
				INFOPLIST_KEY_NSHumanReadableCopyright = "";
				LD_RUNPATH_SEARCH_PATHS = (
					"$(inherited)",
					"@executable_path/Frameworks",
					"@executable_path/../../Frameworks",
				);
				MARKETING_VERSION = 1.1;
				PRODUCT_BUNDLE_IDENTIFIER = me.frey.caroline.HealthDash.HealthDashWidget;
				PRODUCT_NAME = "$(TARGET_NAME)";
				SKIP_INSTALL = YES;
				SWIFT_EMIT_LOC_STRINGS = YES;
				SWIFT_VERSION = 5.0;
				TARGETED_DEVICE_FAMILY = "1,2";
			};
			name = Release;
		};
		B975C270296F6F730046044F /* Debug */ = {
			isa = XCBuildConfiguration;
			buildSettings = {
				ALWAYS_SEARCH_USER_PATHS = NO;
				CLANG_ANALYZER_NONNULL = YES;
				CLANG_ANALYZER_NUMBER_OBJECT_CONVERSION = YES_AGGRESSIVE;
				CLANG_CXX_LANGUAGE_STANDARD = "gnu++20";
				CLANG_ENABLE_MODULES = YES;
				CLANG_ENABLE_OBJC_ARC = YES;
				CLANG_ENABLE_OBJC_WEAK = YES;
				CLANG_WARN_BLOCK_CAPTURE_AUTORELEASING = YES;
				CLANG_WARN_BOOL_CONVERSION = YES;
				CLANG_WARN_COMMA = YES;
				CLANG_WARN_CONSTANT_CONVERSION = YES;
				CLANG_WARN_DEPRECATED_OBJC_IMPLEMENTATIONS = YES;
				CLANG_WARN_DIRECT_OBJC_ISA_USAGE = YES_ERROR;
				CLANG_WARN_DOCUMENTATION_COMMENTS = YES;
				CLANG_WARN_EMPTY_BODY = YES;
				CLANG_WARN_ENUM_CONVERSION = YES;
				CLANG_WARN_INFINITE_RECURSION = YES;
				CLANG_WARN_INT_CONVERSION = YES;
				CLANG_WARN_NON_LITERAL_NULL_CONVERSION = YES;
				CLANG_WARN_OBJC_IMPLICIT_RETAIN_SELF = YES;
				CLANG_WARN_OBJC_LITERAL_CONVERSION = YES;
				CLANG_WARN_OBJC_ROOT_CLASS = YES_ERROR;
				CLANG_WARN_QUOTED_INCLUDE_IN_FRAMEWORK_HEADER = YES;
				CLANG_WARN_RANGE_LOOP_ANALYSIS = YES;
				CLANG_WARN_STRICT_PROTOTYPES = YES;
				CLANG_WARN_SUSPICIOUS_MOVE = YES;
				CLANG_WARN_UNGUARDED_AVAILABILITY = YES_AGGRESSIVE;
				CLANG_WARN_UNREACHABLE_CODE = YES;
				CLANG_WARN__DUPLICATE_METHOD_MATCH = YES;
				COPY_PHASE_STRIP = NO;
				DEBUG_INFORMATION_FORMAT = dwarf;
				ENABLE_STRICT_OBJC_MSGSEND = YES;
				ENABLE_TESTABILITY = YES;
				GCC_C_LANGUAGE_STANDARD = gnu11;
				GCC_DYNAMIC_NO_PIC = NO;
				GCC_NO_COMMON_BLOCKS = YES;
				GCC_OPTIMIZATION_LEVEL = 0;
				GCC_PREPROCESSOR_DEFINITIONS = (
					"DEBUG=1",
					"$(inherited)",
				);
				GCC_WARN_64_TO_32_BIT_CONVERSION = YES;
				GCC_WARN_ABOUT_RETURN_TYPE = YES_ERROR;
				GCC_WARN_UNDECLARED_SELECTOR = YES;
				GCC_WARN_UNINITIALIZED_AUTOS = YES_AGGRESSIVE;
				GCC_WARN_UNUSED_FUNCTION = YES;
				GCC_WARN_UNUSED_VARIABLE = YES;
				IPHONEOS_DEPLOYMENT_TARGET = 16.0;
				MTL_ENABLE_DEBUG_INFO = INCLUDE_SOURCE;
				MTL_FAST_MATH = YES;
				ONLY_ACTIVE_ARCH = YES;
				SDKROOT = iphoneos;
				SWIFT_ACTIVE_COMPILATION_CONDITIONS = DEBUG;
				SWIFT_OPTIMIZATION_LEVEL = "-Onone";
			};
			name = Debug;
		};
		B975C271296F6F730046044F /* Release */ = {
			isa = XCBuildConfiguration;
			buildSettings = {
				ALWAYS_SEARCH_USER_PATHS = NO;
				CLANG_ANALYZER_NONNULL = YES;
				CLANG_ANALYZER_NUMBER_OBJECT_CONVERSION = YES_AGGRESSIVE;
				CLANG_CXX_LANGUAGE_STANDARD = "gnu++20";
				CLANG_ENABLE_MODULES = YES;
				CLANG_ENABLE_OBJC_ARC = YES;
				CLANG_ENABLE_OBJC_WEAK = YES;
				CLANG_WARN_BLOCK_CAPTURE_AUTORELEASING = YES;
				CLANG_WARN_BOOL_CONVERSION = YES;
				CLANG_WARN_COMMA = YES;
				CLANG_WARN_CONSTANT_CONVERSION = YES;
				CLANG_WARN_DEPRECATED_OBJC_IMPLEMENTATIONS = YES;
				CLANG_WARN_DIRECT_OBJC_ISA_USAGE = YES_ERROR;
				CLANG_WARN_DOCUMENTATION_COMMENTS = YES;
				CLANG_WARN_EMPTY_BODY = YES;
				CLANG_WARN_ENUM_CONVERSION = YES;
				CLANG_WARN_INFINITE_RECURSION = YES;
				CLANG_WARN_INT_CONVERSION = YES;
				CLANG_WARN_NON_LITERAL_NULL_CONVERSION = YES;
				CLANG_WARN_OBJC_IMPLICIT_RETAIN_SELF = YES;
				CLANG_WARN_OBJC_LITERAL_CONVERSION = YES;
				CLANG_WARN_OBJC_ROOT_CLASS = YES_ERROR;
				CLANG_WARN_QUOTED_INCLUDE_IN_FRAMEWORK_HEADER = YES;
				CLANG_WARN_RANGE_LOOP_ANALYSIS = YES;
				CLANG_WARN_STRICT_PROTOTYPES = YES;
				CLANG_WARN_SUSPICIOUS_MOVE = YES;
				CLANG_WARN_UNGUARDED_AVAILABILITY = YES_AGGRESSIVE;
				CLANG_WARN_UNREACHABLE_CODE = YES;
				CLANG_WARN__DUPLICATE_METHOD_MATCH = YES;
				COPY_PHASE_STRIP = NO;
				DEBUG_INFORMATION_FORMAT = "dwarf-with-dsym";
				ENABLE_NS_ASSERTIONS = NO;
				ENABLE_STRICT_OBJC_MSGSEND = YES;
				GCC_C_LANGUAGE_STANDARD = gnu11;
				GCC_NO_COMMON_BLOCKS = YES;
				GCC_WARN_64_TO_32_BIT_CONVERSION = YES;
				GCC_WARN_ABOUT_RETURN_TYPE = YES_ERROR;
				GCC_WARN_UNDECLARED_SELECTOR = YES;
				GCC_WARN_UNINITIALIZED_AUTOS = YES_AGGRESSIVE;
				GCC_WARN_UNUSED_FUNCTION = YES;
				GCC_WARN_UNUSED_VARIABLE = YES;
				IPHONEOS_DEPLOYMENT_TARGET = 16.0;
				MTL_ENABLE_DEBUG_INFO = NO;
				MTL_FAST_MATH = YES;
				SDKROOT = iphoneos;
				SWIFT_COMPILATION_MODE = wholemodule;
				SWIFT_OPTIMIZATION_LEVEL = "-O";
				VALIDATE_PRODUCT = YES;
			};
			name = Release;
		};
		B975C273296F6F730046044F /* Debug */ = {
			isa = XCBuildConfiguration;
			buildSettings = {
				ALWAYS_EMBED_SWIFT_STANDARD_LIBRARIES = YES;
				ASSETCATALOG_COMPILER_APPICON_NAME = AppIcon;
				ASSETCATALOG_COMPILER_GLOBAL_ACCENT_COLOR_NAME = AccentColor;
				CODE_SIGN_ENTITLEMENTS = HealthDash/HealthDash.entitlements;
				CODE_SIGN_STYLE = Automatic;
				CURRENT_PROJECT_VERSION = 1;
				DEVELOPMENT_TEAM = 794RQQKASN;
				GENERATE_INFOPLIST_FILE = YES;
				INFOPLIST_FILE = HealthDash/Info.plist;
				INFOPLIST_KEY_NSHealthShareUsageDescription = "This app requires access to your health data so that it can be displayed on your HealthDash.";
				INFOPLIST_KEY_NSHealthUpdateUsageDescription = "This app requires update access to your health data so that you can input your weight directly from HealthDash.";
				INFOPLIST_KEY_UIApplicationSupportsIndirectInputEvents = YES;
				INFOPLIST_KEY_UILaunchStoryboardName = LaunchScreen;
				INFOPLIST_KEY_UIStatusBarStyle = UIStatusBarStyleDarkContent;
				INFOPLIST_KEY_UISupportedInterfaceOrientations = UIInterfaceOrientationPortrait;
				INFOPLIST_KEY_UISupportedInterfaceOrientations_iPad = "UIInterfaceOrientationLandscapeLeft UIInterfaceOrientationLandscapeRight UIInterfaceOrientationPortrait UIInterfaceOrientationPortraitUpsideDown";
				LD_RUNPATH_SEARCH_PATHS = (
					"$(inherited)",
					"@executable_path/Frameworks",
				);
				MARKETING_VERSION = 1.2;
				PRODUCT_BUNDLE_IDENTIFIER = me.frey.caroline.HealthDash;
				PRODUCT_NAME = "$(TARGET_NAME)";
				SWIFT_EMIT_LOC_STRINGS = YES;
				SWIFT_VERSION = 5.0;
				TARGETED_DEVICE_FAMILY = "1,2";
			};
			name = Debug;
		};
		B975C274296F6F730046044F /* Release */ = {
			isa = XCBuildConfiguration;
			buildSettings = {
				ALWAYS_EMBED_SWIFT_STANDARD_LIBRARIES = YES;
				ASSETCATALOG_COMPILER_APPICON_NAME = AppIcon;
				ASSETCATALOG_COMPILER_GLOBAL_ACCENT_COLOR_NAME = AccentColor;
				CODE_SIGN_ENTITLEMENTS = HealthDash/HealthDash.entitlements;
				CODE_SIGN_STYLE = Automatic;
				CURRENT_PROJECT_VERSION = 1;
				DEVELOPMENT_TEAM = 794RQQKASN;
				GENERATE_INFOPLIST_FILE = YES;
				INFOPLIST_FILE = HealthDash/Info.plist;
				INFOPLIST_KEY_NSHealthShareUsageDescription = "This app requires access to your health data so that it can be displayed on your HealthDash.";
				INFOPLIST_KEY_NSHealthUpdateUsageDescription = "This app requires update access to your health data so that you can input your weight directly from HealthDash.";
				INFOPLIST_KEY_UIApplicationSupportsIndirectInputEvents = YES;
				INFOPLIST_KEY_UILaunchStoryboardName = LaunchScreen;
				INFOPLIST_KEY_UIStatusBarStyle = UIStatusBarStyleDarkContent;
				INFOPLIST_KEY_UISupportedInterfaceOrientations = UIInterfaceOrientationPortrait;
				INFOPLIST_KEY_UISupportedInterfaceOrientations_iPad = "UIInterfaceOrientationLandscapeLeft UIInterfaceOrientationLandscapeRight UIInterfaceOrientationPortrait UIInterfaceOrientationPortraitUpsideDown";
				LD_RUNPATH_SEARCH_PATHS = (
					"$(inherited)",
					"@executable_path/Frameworks",
				);
				MARKETING_VERSION = 1.2;
				PRODUCT_BUNDLE_IDENTIFIER = me.frey.caroline.HealthDash;
				PRODUCT_NAME = "$(TARGET_NAME)";
				SWIFT_EMIT_LOC_STRINGS = YES;
				SWIFT_VERSION = 5.0;
				TARGETED_DEVICE_FAMILY = "1,2";
			};
			name = Release;
		};
/* End XCBuildConfiguration section */

/* Begin XCConfigurationList section */
		B920B64C298937C3005158C3 /* Build configuration list for PBXNativeTarget "HealthMetricDashWidgetExtension" */ = {
			isa = XCConfigurationList;
			buildConfigurations = (
				B920B64A298937C3005158C3 /* Debug */,
				B920B64B298937C3005158C3 /* Release */,
			);
			defaultConfigurationIsVisible = 0;
			defaultConfigurationName = Release;
		};
		B975C259296F6F720046044F /* Build configuration list for PBXProject "HealthMetricDash" */ = {
			isa = XCConfigurationList;
			buildConfigurations = (
				B975C270296F6F730046044F /* Debug */,
				B975C271296F6F730046044F /* Release */,
			);
			defaultConfigurationIsVisible = 0;
			defaultConfigurationName = Release;
		};
		B975C272296F6F730046044F /* Build configuration list for PBXNativeTarget "HealthMetricDash" */ = {
			isa = XCConfigurationList;
			buildConfigurations = (
				B975C273296F6F730046044F /* Debug */,
				B975C274296F6F730046044F /* Release */,
			);
			defaultConfigurationIsVisible = 0;
			defaultConfigurationName = Release;
		};
/* End XCConfigurationList section */
	};
	rootObject = B975C256296F6F720046044F /* Project object */;
}
